PODS:
  - Flutter (1.0.0)
  - flutterAngle (0.0.1):
    - Flutter

DEPENDENCIES:
  - Flutter (from `Flutter`)
  - flutterAngle (from `.`)

EXTERNAL SOURCES:
  Flutter:
    :path: Flutter
  flutterAngle:
    :path: "."

SPEC CHECKSUMS:
  Flutter: e0871f40cf51350855a761d2e70bf5af5b9b5de7
  flutterAngle: e16ebfa4b75cdab36d39b4b6d981f97d4fc8047c

PODFILE CHECKSUM: 652a33b2d1bbb994379a51643110909d531bd5e7

COCOAPODS: 1.16.2
